
Microsoft Visual Studio Solution File, Format Version 12.00
# Visual Studio Version 17
VisualStudioVersion = 17.7.34031.279
MinimumVisualStudioVersion = 10.0.40219.1
Project("{FAE04EC0-301F-11D3-BF4B-00C04F79EFBC}") = "edu.PR.Ejercicio2.2901", "edu.PR.Ejercicio2.2901.csproj", "{DBEA35A0-A982-44D2-9692-245188FBDBA9}"
EndProject
Global
	GlobalSection(SolutionConfigurationPlatforms) = preSolution
		Debug|Any CPU = Debug|Any CPU
		Release|Any CPU = Release|Any CPU
	EndGlobalSection
	GlobalSection(ProjectConfigurationPlatforms) = postSolution
		{DBEA35A0-A982-44D2-9692-245188FBDBA9}.Debug|Any CPU.ActiveCfg = Debug|Any CPU
		{DBEA35A0-A982-44D2-9692-245188FBDBA9}.Debug|Any CPU.Build.0 = Debug|Any CPU
		{DBEA35A0-A982-44D2-9692-245188FBDBA9}.Release|Any CPU.ActiveCfg = Release|Any CPU
		{DBEA35A0-A982-44D2-9692-245188FBDBA9}.Release|Any CPU.Build.0 = Release|Any CPU
	EndGlobalSection
	GlobalSection(SolutionProperties) = preSolution
		HideSolutionNode = FALSE
	EndGlobalSection
	GlobalSection(ExtensibilityGlobals) = postSolution
		SolutionGuid = {9812B82C-ADDB-4663-B3D5-D23BF44EBF9D}
	EndGlobalSection
EndGlobal
